
Microsoft Visual Studio Solution File, Format Version 12.00
# Visual Studio Version 17
VisualStudioVersion = 17.3.32825.248
MinimumVisualStudioVersion = 10.0.40219.1
Project("{9A19103F-16F7-4668-BE54-9A1E7A4F7556}") = "CustomizationInSandBox", "CustomizationInSandBox.csproj", "{86BED517-6004-4FC6-BA84-5C481ABAFE62}"
EndProject
Global
	GlobalSection(SolutionConfigurationPlatforms) = preSolution
		Debug|Any CPU = Debug|Any CPU
		Release|Any CPU = Release|Any CPU
	EndGlobalSection
	GlobalSection(ProjectConfigurationPlatforms) = postSolution
		{86BED517-6004-4FC6-BA84-5C481ABAFE62}.Debug|Any CPU.ActiveCfg = Debug|Any CPU
		{86BED517-6004-4FC6-BA84-5C481ABAFE62}.Debug|Any CPU.Build.0 = Debug|Any CPU
		{86BED517-6004-4FC6-BA84-5C481ABAFE62}.Release|Any CPU.ActiveCfg = Release|Any CPU
		{86BED517-6004-4FC6-BA84-5C481ABAFE62}.Release|Any CPU.Build.0 = Release|Any CPU
	EndGlobalSection
	GlobalSection(SolutionProperties) = preSolution
		HideSolutionNode = FALSE
	EndGlobalSection
	GlobalSection(ExtensibilityGlobals) = postSolution
		SolutionGuid = {E0692F20-130E-462D-AF76-208C5123F894}
	EndGlobalSection
EndGlobal
